
Microsoft Visual Studio Solution File, Format Version 12.00
# Visual Studio Version 17
VisualStudioVersion = 17.5.33530.505
MinimumVisualStudioVersion = 10.0.40219.1
Project("{888888A0-9F3D-457C-B088-3A5042F75D52}") = "Crawller", "Crawller\Crawller.pyproj", "{5F507E38-55FC-447B-AD60-019632C0F3CD}"
EndProject
Global
	GlobalSection(SolutionConfigurationPlatforms) = preSolution
		Debug|Any CPU = Debug|Any CPU
		Release|Any CPU = Release|Any CPU
	EndGlobalSection
	GlobalSection(ProjectConfigurationPlatforms) = postSolution
		{5F507E38-55FC-447B-AD60-019632C0F3CD}.Debug|Any CPU.ActiveCfg = Debug|Any CPU
		{5F507E38-55FC-447B-AD60-019632C0F3CD}.Release|Any CPU.ActiveCfg = Release|Any CPU
	EndGlobalSection
	GlobalSection(SolutionProperties) = preSolution
		HideSolutionNode = FALSE
	EndGlobalSection
	GlobalSection(ExtensibilityGlobals) = postSolution
		SolutionGuid = {7812A6C4-5125-47FA-AD0F-2F1327906A6F}
	EndGlobalSection
EndGlobal
